
Microsoft Visual Studio Solution File, Format Version 12.00
# Visual Studio Version 16
VisualStudioVersion = 16.0.30717.126
MinimumVisualStudioVersion = 10.0.40219.1
Project("{FAE04EC0-301F-11D3-BF4B-00C04F79EFBC}") = "PresentationLayer", "PresentationLayer\PresentationLayer.csproj", "{9546F273-D253-4A7D-9C59-19DE29FE6ABE}"
EndProject
Project("{FAE04EC0-301F-11D3-BF4B-00C04F79EFBC}") = "DataAccessLayer", "DataAccessLayer\DataAccessLayer.csproj", "{64BC3B90-3700-4302-B6CA-EA4E46E287C4}"
EndProject
Project("{FAE04EC0-301F-11D3-BF4B-00C04F79EFBC}") = "BusinessLayer", "BusinessLayer\BusinessLayer.csproj", "{BF9A8FF0-B9EC-456E-959A-6FA81BA354B2}"
EndProject
Global
	GlobalSection(SolutionConfigurationPlatforms) = preSolution
		Debug|Any CPU = Debug|Any CPU
		Release|Any CPU = Release|Any CPU
	EndGlobalSection
	GlobalSection(ProjectConfigurationPlatforms) = postSolution
		{9546F273-D253-4A7D-9C59-19DE29FE6ABE}.Debug|Any CPU.ActiveCfg = Debug|Any CPU
		{9546F273-D253-4A7D-9C59-19DE29FE6ABE}.Debug|Any CPU.Build.0 = Debug|Any CPU
		{9546F273-D253-4A7D-9C59-19DE29FE6ABE}.Release|Any CPU.ActiveCfg = Release|Any CPU
		{9546F273-D253-4A7D-9C59-19DE29FE6ABE}.Release|Any CPU.Build.0 = Release|Any CPU
		{64BC3B90-3700-4302-B6CA-EA4E46E287C4}.Debug|Any CPU.ActiveCfg = Debug|Any CPU
		{64BC3B90-3700-4302-B6CA-EA4E46E287C4}.Debug|Any CPU.Build.0 = Debug|Any CPU
		{64BC3B90-3700-4302-B6CA-EA4E46E287C4}.Release|Any CPU.ActiveCfg = Release|Any CPU
		{64BC3B90-3700-4302-B6CA-EA4E46E287C4}.Release|Any CPU.Build.0 = Release|Any CPU
		{BF9A8FF0-B9EC-456E-959A-6FA81BA354B2}.Debug|Any CPU.ActiveCfg = Debug|Any CPU
		{BF9A8FF0-B9EC-456E-959A-6FA81BA354B2}.Debug|Any CPU.Build.0 = Debug|Any CPU
		{BF9A8FF0-B9EC-456E-959A-6FA81BA354B2}.Release|Any CPU.ActiveCfg = Release|Any CPU
		{BF9A8FF0-B9EC-456E-959A-6FA81BA354B2}.Release|Any CPU.Build.0 = Release|Any CPU
	EndGlobalSection
	GlobalSection(SolutionProperties) = preSolution
		HideSolutionNode = FALSE
	EndGlobalSection
	GlobalSection(ExtensibilityGlobals) = postSolution
		SolutionGuid = {F9C5A039-CB82-4733-AA08-00C36FEE8414}
	EndGlobalSection
EndGlobal
