
Microsoft Visual Studio Solution File, Format Version 12.00
# Visual Studio Version 16
VisualStudioVersion = 16.0.30717.126
MinimumVisualStudioVersion = 10.0.40219.1
Project("{FAE04EC0-301F-11D3-BF4B-00C04F79EFBC}") = "PresentationLayer", "PresentationLayer\PresentationLayer.csproj", "{AA1CB24B-2148-460B-89A5-2843ACBA558F}"
EndProject
Project("{FAE04EC0-301F-11D3-BF4B-00C04F79EFBC}") = "DataAccessLayer", "DataAccessLayer\DataAccessLayer.csproj", "{2D30056F-B78C-4BC4-BDE5-9552714E6973}"
EndProject
Project("{FAE04EC0-301F-11D3-BF4B-00C04F79EFBC}") = "BusinessLayer", "BusinessLayer\BusinessLayer.csproj", "{C55FBEC1-4903-40BA-8ADD-05F5307808B4}"
EndProject
Global
	GlobalSection(SolutionConfigurationPlatforms) = preSolution
		Debug|Any CPU = Debug|Any CPU
		Release|Any CPU = Release|Any CPU
	EndGlobalSection
	GlobalSection(ProjectConfigurationPlatforms) = postSolution
		{AA1CB24B-2148-460B-89A5-2843ACBA558F}.Debug|Any CPU.ActiveCfg = Debug|Any CPU
		{AA1CB24B-2148-460B-89A5-2843ACBA558F}.Debug|Any CPU.Build.0 = Debug|Any CPU
		{AA1CB24B-2148-460B-89A5-2843ACBA558F}.Release|Any CPU.ActiveCfg = Release|Any CPU
		{AA1CB24B-2148-460B-89A5-2843ACBA558F}.Release|Any CPU.Build.0 = Release|Any CPU
		{2D30056F-B78C-4BC4-BDE5-9552714E6973}.Debug|Any CPU.ActiveCfg = Debug|Any CPU
		{2D30056F-B78C-4BC4-BDE5-9552714E6973}.Debug|Any CPU.Build.0 = Debug|Any CPU
		{2D30056F-B78C-4BC4-BDE5-9552714E6973}.Release|Any CPU.ActiveCfg = Release|Any CPU
		{2D30056F-B78C-4BC4-BDE5-9552714E6973}.Release|Any CPU.Build.0 = Release|Any CPU
		{C55FBEC1-4903-40BA-8ADD-05F5307808B4}.Debug|Any CPU.ActiveCfg = Debug|Any CPU
		{C55FBEC1-4903-40BA-8ADD-05F5307808B4}.Debug|Any CPU.Build.0 = Debug|Any CPU
		{C55FBEC1-4903-40BA-8ADD-05F5307808B4}.Release|Any CPU.ActiveCfg = Release|Any CPU
		{C55FBEC1-4903-40BA-8ADD-05F5307808B4}.Release|Any CPU.Build.0 = Release|Any CPU
	EndGlobalSection
	GlobalSection(SolutionProperties) = preSolution
		HideSolutionNode = FALSE
	EndGlobalSection
	GlobalSection(ExtensibilityGlobals) = postSolution
		SolutionGuid = {5DDD66CD-AEF9-4073-920D-6CA110ADE0A2}
	EndGlobalSection
EndGlobal
