
Microsoft Visual Studio Solution File, Format Version 12.00
# Visual Studio Version 16
VisualStudioVersion = 16.0.30717.126
MinimumVisualStudioVersion = 10.0.40219.1
Project("{FAE04EC0-301F-11D3-BF4B-00C04F79EFBC}") = "WindowsFormsApp", "WindowsFormsApp\WindowsFormsApp.csproj", "{BE6EA90D-2061-4F98-9042-CDBC5679F77A}"
EndProject
Global
	GlobalSection(SolutionConfigurationPlatforms) = preSolution
		Debug|Any CPU = Debug|Any CPU
		Release|Any CPU = Release|Any CPU
	EndGlobalSection
	GlobalSection(ProjectConfigurationPlatforms) = postSolution
		{BE6EA90D-2061-4F98-9042-CDBC5679F77A}.Debug|Any CPU.ActiveCfg = Debug|Any CPU
		{BE6EA90D-2061-4F98-9042-CDBC5679F77A}.Debug|Any CPU.Build.0 = Debug|Any CPU
		{BE6EA90D-2061-4F98-9042-CDBC5679F77A}.Release|Any CPU.ActiveCfg = Release|Any CPU
		{BE6EA90D-2061-4F98-9042-CDBC5679F77A}.Release|Any CPU.Build.0 = Release|Any CPU
	EndGlobalSection
	GlobalSection(SolutionProperties) = preSolution
		HideSolutionNode = FALSE
	EndGlobalSection
	GlobalSection(ExtensibilityGlobals) = postSolution
		SolutionGuid = {A5CE0EF9-EC2C-42EF-ACA3-F25F8C807E42}
	EndGlobalSection
EndGlobal
